
Microsoft Visual Studio Solution File, Format Version 12.00
# Visual Studio Version 17
VisualStudioVersion = 17.0.32112.339
MinimumVisualStudioVersion = 10.0.40219.1
Project("{FAE04EC0-301F-11D3-BF4B-00C04F79EFBC}") = "Blood Bank", "Blood Bank.csproj", "{3CC59228-7DF3-4E03-A0E8-6C8E1ECF15F8}"
EndProject
Global
	GlobalSection(SolutionConfigurationPlatforms) = preSolution
		Debug|Any CPU = Debug|Any CPU
		Release|Any CPU = Release|Any CPU
	EndGlobalSection
	GlobalSection(ProjectConfigurationPlatforms) = postSolution
		{3CC59228-7DF3-4E03-A0E8-6C8E1ECF15F8}.Debug|Any CPU.ActiveCfg = Debug|Any CPU
		{3CC59228-7DF3-4E03-A0E8-6C8E1ECF15F8}.Debug|Any CPU.Build.0 = Debug|Any CPU
		{3CC59228-7DF3-4E03-A0E8-6C8E1ECF15F8}.Release|Any CPU.ActiveCfg = Release|Any CPU
		{3CC59228-7DF3-4E03-A0E8-6C8E1ECF15F8}.Release|Any CPU.Build.0 = Release|Any CPU
	EndGlobalSection
	GlobalSection(SolutionProperties) = preSolution
		HideSolutionNode = FALSE
	EndGlobalSection
	GlobalSection(ExtensibilityGlobals) = postSolution
		SolutionGuid = {A29FDF78-8DDE-4071-9F5F-7AEBC482D0FF}
	EndGlobalSection
EndGlobal
